
Microsoft Visual Studio Solution File, Format Version 12.00
# Visual Studio Version 16
VisualStudioVersion = 16.0.28803.352
MinimumVisualStudioVersion = 10.0.40219.1
Project("{FAE04EC0-301F-11D3-BF4B-00C04F79EFBC}") = "TP4.RosasThomas2°A", "TP4.RosasThomas2°A\TP4.RosasThomas2°A.csproj", "{F2165731-C877-4A8E-ADB8-EA66259623C6}"
EndProject
Project("{FAE04EC0-301F-11D3-BF4B-00C04F79EFBC}") = "Entidades", "Entidades\Entidades.csproj", "{C207F61F-C109-4F49-A71E-89DF1E7AA768}"
EndProject
Project("{FAE04EC0-301F-11D3-BF4B-00C04F79EFBC}") = "TestUnitario", "TestUnitario\TestUnitario.csproj", "{A25E8863-64B5-4CEF-BC8E-50AAEF34E261}"
EndProject
Global
	GlobalSection(SolutionConfigurationPlatforms) = preSolution
		Debug|Any CPU = Debug|Any CPU
		Release|Any CPU = Release|Any CPU
	EndGlobalSection
	GlobalSection(ProjectConfigurationPlatforms) = postSolution
		{F2165731-C877-4A8E-ADB8-EA66259623C6}.Debug|Any CPU.ActiveCfg = Debug|Any CPU
		{F2165731-C877-4A8E-ADB8-EA66259623C6}.Debug|Any CPU.Build.0 = Debug|Any CPU
		{F2165731-C877-4A8E-ADB8-EA66259623C6}.Release|Any CPU.ActiveCfg = Release|Any CPU
		{F2165731-C877-4A8E-ADB8-EA66259623C6}.Release|Any CPU.Build.0 = Release|Any CPU
		{C207F61F-C109-4F49-A71E-89DF1E7AA768}.Debug|Any CPU.ActiveCfg = Debug|Any CPU
		{C207F61F-C109-4F49-A71E-89DF1E7AA768}.Debug|Any CPU.Build.0 = Debug|Any CPU
		{C207F61F-C109-4F49-A71E-89DF1E7AA768}.Release|Any CPU.ActiveCfg = Release|Any CPU
		{C207F61F-C109-4F49-A71E-89DF1E7AA768}.Release|Any CPU.Build.0 = Release|Any CPU
		{A25E8863-64B5-4CEF-BC8E-50AAEF34E261}.Debug|Any CPU.ActiveCfg = Debug|Any CPU
		{A25E8863-64B5-4CEF-BC8E-50AAEF34E261}.Debug|Any CPU.Build.0 = Debug|Any CPU
		{A25E8863-64B5-4CEF-BC8E-50AAEF34E261}.Release|Any CPU.ActiveCfg = Release|Any CPU
		{A25E8863-64B5-4CEF-BC8E-50AAEF34E261}.Release|Any CPU.Build.0 = Release|Any CPU
	EndGlobalSection
	GlobalSection(SolutionProperties) = preSolution
		HideSolutionNode = FALSE
	EndGlobalSection
	GlobalSection(ExtensibilityGlobals) = postSolution
		SolutionGuid = {9261484D-36EA-4EED-8812-F5930C8C9D0B}
	EndGlobalSection
EndGlobal
